  {
  "name": "trabajo sergi",
  "author": "sergibertran",
  "license": "GNU",
  "version": "0.0.1",
  "lockfileVersion": 1,
  "info": {
    "githubURL": "sergibertran/Reto3",
    "serverUrl": "https://autocorector.dit.upm.es/",
    "courseId": "2",
    "assignmentId": "17"
  },
  "engines": {
    "node": "^12.16.0"
  },
  "main": "main.js",
  "scripts": {
    "start": "node main.js"
  }
}
